
Microsoft Visual Studio Solution File, Format Version 12.00
# Visual Studio Version 17
VisualStudioVersion = 17.7.33711.374
MinimumVisualStudioVersion = 10.0.40219.1
Project("{9A19103F-16F7-4668-BE54-9A1E7A4F7556}") = "PAT.Launcher", "PAT.Launcher.csproj", "{CC87AAB7-0550-4A3C-92F7-A22C2960DE63}"
EndProject
Global
	GlobalSection(SolutionConfigurationPlatforms) = preSolution
		Debug|Any CPU = Debug|Any CPU
		Release|Any CPU = Release|Any CPU
	EndGlobalSection
	GlobalSection(ProjectConfigurationPlatforms) = postSolution
		{CC87AAB7-0550-4A3C-92F7-A22C2960DE63}.Debug|Any CPU.ActiveCfg = Debug|Any CPU
		{CC87AAB7-0550-4A3C-92F7-A22C2960DE63}.Debug|Any CPU.Build.0 = Debug|Any CPU
		{CC87AAB7-0550-4A3C-92F7-A22C2960DE63}.Release|Any CPU.ActiveCfg = Release|Any CPU
		{CC87AAB7-0550-4A3C-92F7-A22C2960DE63}.Release|Any CPU.Build.0 = Release|Any CPU
	EndGlobalSection
	GlobalSection(SolutionProperties) = preSolution
		HideSolutionNode = FALSE
	EndGlobalSection
	GlobalSection(ExtensibilityGlobals) = postSolution
		SolutionGuid = {653E749B-AD4A-4DBD-94FA-003ABF3289D1}
	EndGlobalSection
EndGlobal
